Microsoft Visual Studio Solution File, Format Version 11.00
# Visual Studio 2008

Project("{FCF1570C-3DC4-4CBA-56B2-E254CBE1269E}") = "2DRougelike", "Assembly-CSharp.csproj", "{CBAC7AC5-7DE0-AA75-16ED-34607DDACE8C}"
EndProject
Global
	GlobalSection(SolutionConfigurationPlatforms) = preSolution
		Debug|Any CPU = Debug|Any CPU
		Release|Any CPU = Release|Any CPU
	EndGlobalSection
	GlobalSection(ProjectConfigurationPlatforms) = postSolution
		{CBAC7AC5-7DE0-AA75-16ED-34607DDACE8C}.Debug|Any CPU.ActiveCfg = Debug|Any CPU
		{CBAC7AC5-7DE0-AA75-16ED-34607DDACE8C}.Debug|Any CPU.Build.0 = Debug|Any CPU
		{CBAC7AC5-7DE0-AA75-16ED-34607DDACE8C}.Release|Any CPU.ActiveCfg = Release|Any CPU
		{CBAC7AC5-7DE0-AA75-16ED-34607DDACE8C}.Release|Any CPU.Build.0 = Release|Any CPU
	EndGlobalSection
	GlobalSection(SolutionProperties) = preSolution
		HideSolutionNode = FALSE
	EndGlobalSection
								GlobalSection(MonoDevelopProperties) = preSolution
		StartupItem = Assembly-CSharp.csproj
		Policies = $0
		$0.TextStylePolicy = $1
		$1.inheritsSet = null
		$1.scope = text/x-csharp
		$0.CSharpFormattingPolicy = $2
		$2.inheritsSet = Mono
		$2.inheritsScope = text/x-csharp
		$2.scope = text/x-csharp
		$0.TextStylePolicy = $3
		$3.FileWidth = 120
		$3.TabWidth = 4
		$3.EolMarker = Unix
		$3.inheritsSet = Mono
		$3.inheritsScope = text/plain
		$3.scope = text/plain
	EndGlobalSection

EndGlobal
